{
  "pins" : [
    {
      "identity" : "sdwebimage",
      "kind" : "remoteSourceControl",
      "location" : "https://github.com/SDWebImage/SDWebImage.git",
      "state" : {
        "revision" : "cc1995b73883a1f97931366879d862c53a32bf82",
        "version" : "5.13.1"
      }
    }
  ],
  "version" : 2
}
